
Microsoft Visual Studio Solution File, Format Version 12.00
# Visual Studio Version 16
VisualStudioVersion = 16.0.33328.57
MinimumVisualStudioVersion = 10.0.40219.1
Project("{FAE04EC0-301F-11D3-BF4B-00C04F79EFBC}") = "RealEstateWeb", "RealEstateWeb\RealEstateWeb.csproj", "{063A30DA-1ABA-4157-9279-85FC65F053F5}"
EndProject
Project("{FAE04EC0-301F-11D3-BF4B-00C04F79EFBC}") = "Utilities", "Utilities\Utilities.csproj", "{84E2F6E4-6770-4806-BB0B-D184F8C2F65F}"
EndProject
Project("{FAE04EC0-301F-11D3-BF4B-00C04F79EFBC}") = "RestAPI", "RestAPI\RestAPI.csproj", "{997D2FF4-3FAC-4A8E-8355-308FA28759AD}"
EndProject
Project("{FAE04EC0-301F-11D3-BF4B-00C04F79EFBC}") = "HomeLibrary", "HomeLibrary\HomeLibrary.csproj", "{781275DA-BA5F-4443-BA51-4CF29EF2D66F}"
EndProject
Global
	GlobalSection(SolutionConfigurationPlatforms) = preSolution
		Debug|Any CPU = Debug|Any CPU
		Release|Any CPU = Release|Any CPU
	EndGlobalSection
	GlobalSection(ProjectConfigurationPlatforms) = postSolution
		{063A30DA-1ABA-4157-9279-85FC65F053F5}.Debug|Any CPU.ActiveCfg = Debug|Any CPU
		{063A30DA-1ABA-4157-9279-85FC65F053F5}.Debug|Any CPU.Build.0 = Debug|Any CPU
		{063A30DA-1ABA-4157-9279-85FC65F053F5}.Release|Any CPU.ActiveCfg = Release|Any CPU
		{063A30DA-1ABA-4157-9279-85FC65F053F5}.Release|Any CPU.Build.0 = Release|Any CPU
		{84E2F6E4-6770-4806-BB0B-D184F8C2F65F}.Debug|Any CPU.ActiveCfg = Debug|Any CPU
		{84E2F6E4-6770-4806-BB0B-D184F8C2F65F}.Debug|Any CPU.Build.0 = Debug|Any CPU
		{84E2F6E4-6770-4806-BB0B-D184F8C2F65F}.Release|Any CPU.ActiveCfg = Release|Any CPU
		{84E2F6E4-6770-4806-BB0B-D184F8C2F65F}.Release|Any CPU.Build.0 = Release|Any CPU
		{997D2FF4-3FAC-4A8E-8355-308FA28759AD}.Debug|Any CPU.ActiveCfg = Debug|Any CPU
		{997D2FF4-3FAC-4A8E-8355-308FA28759AD}.Debug|Any CPU.Build.0 = Debug|Any CPU
		{997D2FF4-3FAC-4A8E-8355-308FA28759AD}.Release|Any CPU.ActiveCfg = Release|Any CPU
		{997D2FF4-3FAC-4A8E-8355-308FA28759AD}.Release|Any CPU.Build.0 = Release|Any CPU
		{781275DA-BA5F-4443-BA51-4CF29EF2D66F}.Debug|Any CPU.ActiveCfg = Debug|Any CPU
		{781275DA-BA5F-4443-BA51-4CF29EF2D66F}.Debug|Any CPU.Build.0 = Debug|Any CPU
		{781275DA-BA5F-4443-BA51-4CF29EF2D66F}.Release|Any CPU.ActiveCfg = Release|Any CPU
		{781275DA-BA5F-4443-BA51-4CF29EF2D66F}.Release|Any CPU.Build.0 = Release|Any CPU
	EndGlobalSection
	GlobalSection(SolutionProperties) = preSolution
		HideSolutionNode = FALSE
	EndGlobalSection
	GlobalSection(ExtensibilityGlobals) = postSolution
		SolutionGuid = {8479567C-64BB-44CC-965A-2D05E77FCD86}
	EndGlobalSection
EndGlobal
