
Microsoft Visual Studio Solution File, Format Version 12.00
# Visual Studio Version 16
VisualStudioVersion = 16.0.33328.57
MinimumVisualStudioVersion = 10.0.40219.1
Project("{FAE04EC0-301F-11D3-BF4B-00C04F79EFBC}") = "RealEstateWeb", "RealEstateWeb\RealEstateWeb.csproj", "{063A30DA-1ABA-4157-9279-85FC65F053F5}"
EndProject
Project("{FAE04EC0-301F-11D3-BF4B-00C04F79EFBC}") = "Utilities", "Utilities\Utilities.csproj", "{84E2F6E4-6770-4806-BB0B-D184F8C2F65F}"
EndProject
Project("{FAE04EC0-301F-11D3-BF4B-00C04F79EFBC}") = "RestAPI", "RestAPI\RestAPI.csproj", "{3B2D9754-77C7-45E8-9699-160B387D7188}"
EndProject
Global
	GlobalSection(SolutionConfigurationPlatforms) = preSolution
		Debug|Any CPU = Debug|Any CPU
		Release|Any CPU = Release|Any CPU
	EndGlobalSection
	GlobalSection(ProjectConfigurationPlatforms) = postSolution
		{063A30DA-1ABA-4157-9279-85FC65F053F5}.Debug|Any CPU.ActiveCfg = Debug|Any CPU
		{063A30DA-1ABA-4157-9279-85FC65F053F5}.Debug|Any CPU.Build.0 = Debug|Any CPU
		{063A30DA-1ABA-4157-9279-85FC65F053F5}.Release|Any CPU.ActiveCfg = Release|Any CPU
		{063A30DA-1ABA-4157-9279-85FC65F053F5}.Release|Any CPU.Build.0 = Release|Any CPU
		{84E2F6E4-6770-4806-BB0B-D184F8C2F65F}.Debug|Any CPU.ActiveCfg = Debug|Any CPU
		{84E2F6E4-6770-4806-BB0B-D184F8C2F65F}.Debug|Any CPU.Build.0 = Debug|Any CPU
		{84E2F6E4-6770-4806-BB0B-D184F8C2F65F}.Release|Any CPU.ActiveCfg = Release|Any CPU
		{84E2F6E4-6770-4806-BB0B-D184F8C2F65F}.Release|Any CPU.Build.0 = Release|Any CPU
		{3B2D9754-77C7-45E8-9699-160B387D7188}.Debug|Any CPU.ActiveCfg = Debug|Any CPU
		{3B2D9754-77C7-45E8-9699-160B387D7188}.Debug|Any CPU.Build.0 = Debug|Any CPU
		{3B2D9754-77C7-45E8-9699-160B387D7188}.Release|Any CPU.ActiveCfg = Release|Any CPU
		{3B2D9754-77C7-45E8-9699-160B387D7188}.Release|Any CPU.Build.0 = Release|Any CPU
	EndGlobalSection
	GlobalSection(SolutionProperties) = preSolution
		HideSolutionNode = FALSE
	EndGlobalSection
	GlobalSection(ExtensibilityGlobals) = postSolution
		SolutionGuid = {8479567C-64BB-44CC-965A-2D05E77FCD86}
	EndGlobalSection
EndGlobal
